#
# Copyright IBM Corp. All Rights Reserved.
#
# SPDX-License-Identifier: Apache-2.0
#

######################################
# Genesis block with configtxgen
######################################
- name: Generate genesis block
  ansible.builtin.import_playbook: hyperledger.fabricx.artifacts.build_genesis_block
