#
# Copyright IBM Corp. All Rights Reserved.
#
# SPDX-License-Identifier: Apache-2.0
#

- name: Create the genesis block
  hosts: localhost
  tasks:
    - name: Create the configuration file for armageddon
      vars:
        armageddon_orderer_hosts: "{{ groups['fabric-x-orderers'] }}"
      ansible.builtin.include_role:
        name: hyperledger.fabricx.armageddon
        tasks_from: config/build
      when: "'fabric-x-orderers' in groups"
    - name: Generate shared_config.binpb
      ansible.builtin.include_role:
        name: hyperledger.fabricx.armageddon
        tasks_from: create_shared_config
      when: "'fabric-x-orderers' in groups"
    - name: Group orderers by organization
      vars:
        org_domain: "{{ hostvars[orderer].organization.domain }}"
        org_name: "{{ hostvars[orderer].organization.name }}"
      ansible.builtin.set_fact:
        configtxgen_orderers_by_org: >-
          {{
            configtxgen_orderers_by_org | default({}) | combine({
              org_domain: {
                'name': org_name,
                'domain': org_domain,
                'orderers': (
                  (configtxgen_orderers_by_org | default({})).get(org_domain, {}).get('orderers', []) + [orderer]
                )
              }
            })
          }}
      loop: >-
        {{
          groups['all'] | default([]) | map('extract', hostvars) | selectattr('organization', 'defined') |
          selectattr('organization.role', 'defined') | selectattr('organization.role', '==', 'orderer') | map(attribute='inventory_hostname')
        }}
      loop_control:
        loop_var: orderer
    - name: Group peers by organization
      vars:
        org_domain: "{{ hostvars[peer].organization.domain }}"
        org_name: "{{ hostvars[peer].organization.name }}"
      ansible.builtin.set_fact:
        configtxgen_peers_by_org: >-
          {{
            configtxgen_peers_by_org | default({}) | combine({
              org_domain: {
                'name': org_name,
                'domain': org_domain,
                'peers': (
                  (configtxgen_peers_by_org | default({})).get(org_domain, {}).get('peers', []) + [peer]
                )
              }
            })
          }}
      loop: >-
        {{
          groups['all'] | default([]) | map('extract', hostvars) | selectattr('organization', 'defined') |
          selectattr('organization.role', 'defined') | selectattr('organization.role', '==', 'peer') | map(attribute='inventory_hostname')
        }}
      loop_control:
        loop_var: peer
    - name: Build Fabricx-compatible configuration file for configtxgen
      vars:
        configtxgen_namespace_admin: >-
          {{
            groups['all'] | default([]) | map('extract', hostvars) | selectattr('fabricx_namespace_admin', 'defined') |
            selectattr('fabricx_namespace_admin', '==', true) | map(attribute='inventory_hostname') | first
          }}
      ansible.builtin.include_role:
        name: hyperledger.fabricx.configtxgen
        tasks_from: config/build
    - name: Install configtxgen as binary for Fabric-X
      ansible.builtin.include_role:
        name: hyperledger.fabricx.configtxgen
        tasks_from: bin/install
      when:
        - configtxgen_use_bin is defined
        - configtxgen_use_bin
    - name: Generate the genesis block for Fabric-X
      ansible.builtin.include_role:
        name: hyperledger.fabricx.configtxgen
        tasks_from: start
